// !$*UTF8*$!
{
	archiveVersion = 1;
	classes = {
	};
	objectVersion = 46;
	objects = {

/* Begin PBXBuildFile section */
		BAFCD6041B60C93700447C79 /* main.cpp in Sources */ = {isa = PBXBuildFile; fileRef = BAFCD6031B60C93700447C79 /* main.cpp */; };
/* End PBXBuildFile section */

/* Begin PBXCopyFilesBuildPhase section */
		BAFCD5FE1B60C93700447C79 /* CopyFiles */ = {
			isa = PBXCopyFilesBuildPhase;
			buildActionMask = 2147483647;
			dstPath = /usr/share/man/man1/;
			dstSubfolderSpec = 0;
			files = (
			);
			runOnlyForDeploymentPostprocessing = 1;
		};
/* End PBXCopyFilesBuildPhase section */

/* Begin PBXFileReference section */
		BAFCD6001B60C93700447C79 /* Quiz_2.10.3 */ = {isa = PBXFileReference; explicitFileType = "compiled.mach-o.executable"; includeInIndex = 0; path = Quiz_2.10.3; sourceTree = BUILT_PRODUCTS_DIR; };
		BAFCD6031B60C93700447C79 /* main.cpp */ = {isa = PBXFileReference; lastKnownFileType = sourcecode.cpp.cpp; path = main.cpp; sourceTree = "<group>"; };
/* End PBXFileReference section */

/* Begin PBXFrameworksBuildPhase section */
		BAFCD5FD1B60C93700447C79 /* Frameworks */ = {
			isa = PBXFrameworksBuildPhase;
			buildActionMask = 2147483647;
			files = (
			);
			runOnlyForDeploymentPostprocessing = 0;
		};
/* End PBXFrameworksBuildPhase section */

/* Begin PBXGroup section */
		BAFCD5F71B60C93700447C79 = {
			isa = PBXGroup;
			children = (
				BAFCD6021B60C93700447C79 /* Quiz_2.10.3 */,
				BAFCD6011B60C93700447C79 /* Products */,
			);
			sourceTree = "<group>";
		};
		BAFCD6011B60C93700447C79 /* Products */ = {
			isa = PBXGroup;
			children = (
				BAFCD6001B60C93700447C79 /* Quiz_2.10.3 */,
			);
			name = Products;
			sourceTree = "<group>";
		};
		BAFCD6021B60C93700447C79 /* Quiz_2.10.3 */ = {
			isa = PBXGroup;
			children = (
				BAFCD6031B60C93700447C79 /* main.cpp */,
			);
			path = Quiz_2.10.3;
			sourceTree = "<group>";
		};
/* End PBXGroup section */

/* Begin PBXNativeTarget section */
		BAFCD5FF1B60C93700447C79 /* Quiz_2.10.3 */ = {
			isa = PBXNativeTarget;
			buildConfigurationList = BAFCD6071B60C93700447C79 /* Build configuration list for PBXNativeTarget "Quiz_2.10.3" */;
			buildPhases = (
				BAFCD5FC1B60C93700447C79 /* Sources */,
				BAFCD5FD1B60C93700447C79 /* Frameworks */,
				BAFCD5FE1B60C93700447C79 /* CopyFiles */,
			);
			buildRules = (
			);
			dependencies = (
			);
			name = Quiz_2.10.3;
			productName = Quiz_2.10.3;
			productReference = BAFCD6001B60C93700447C79 /* Quiz_2.10.3 */;
			productType = "com.apple.product-type.tool";
		};
/* End PBXNativeTarget section */

/* Begin PBXProject section */
		BAFCD5F81B60C93700447C79 /* Project object */ = {
			isa = PBXProject;
			attributes = {
				LastUpgradeCheck = 0640;
				ORGANIZATIONNAME = "Jeff Seo";
				TargetAttributes = {
					BAFCD5FF1B60C93700447C79 = {
						CreatedOnToolsVersion = 6.4;
					};
				};
			};
			buildConfigurationList = BAFCD5FB1B60C93700447C79 /* Build configuration list for PBXProject "Quiz_2.10.3" */;
			compatibilityVersion = "Xcode 3.2";
			developmentRegion = English;
			hasScannedForEncodings = 0;
			knownRegions = (
				en,
			);
			mainGroup = BAFCD5F71B60C93700447C79;
			productRefGroup = BAFCD6011B60C93700447C79 /* Products */;
			projectDirPath = "";
			projectRoot = "";
			targets = (
				BAFCD5FF1B60C93700447C79 /* Quiz_2.10.3 */,
			);
		};
/* End PBXProject section */

/* Begin PBXSourcesBuildPhase section */
		BAFCD5FC1B60C93700447C79 /* Sources */ = {
			isa = PBXSourcesBuildPhase;
			buildActionMask = 2147483647;
			files = (
				BAFCD6041B60C93700447C79 /* main.cpp in Sources */,
			);
			runOnlyForDeploymentPostprocessing = 0;
		};
/* End PBXSourcesBuildPhase section */

/* Begin XCBuildConfiguration section */
		BAFCD6051B60C93700447C79 /* Debug */ = {
			isa = XCBuildConfiguration;
			buildSettings = {
				ALWAYS_SEARCH_USER_PATHS = NO;
				CLANG_CXX_LANGUAGE_STANDARD = "gnu++0x";
				CLANG_CXX_LIBRARY = "libc++";
				CLANG_ENABLE_MODULES = YES;
				CLANG_ENABLE_OBJC_ARC = YES;
				CLANG_WARN_BOOL_CONVERSION = YES;
				CLANG_WARN_CONSTANT_CONVERSION = YES;
				CLANG_WARN_DIRECT_OBJC_ISA_USAGE = YES_ERROR;
				CLANG_WARN_EMPTY_BODY = YES;
				CLANG_WARN_ENUM_CONVERSION = YES;
				CLANG_WARN_INT_CONVERSION = YES;
				CLANG_WARN_OBJC_ROOT_CLASS = YES_ERROR;
				CLANG_WARN_UNREACHABLE_CODE = YES;
				CLANG_WARN__DUPLICATE_METHOD_MATCH = YES;
				COPY_PHASE_STRIP = NO;
				DEBUG_INFORMATION_FORMAT = dwarf;
				ENABLE_STRICT_OBJC_MSGSEND = YES;
				GCC_C_LANGUAGE_STANDARD = gnu99;
				GCC_DYNAMIC_NO_PIC = NO;
				GCC_NO_COMMON_BLOCKS = YES;
				GCC_OPTIMIZATION_LEVEL = 0;
				GCC_PREPROCESSOR_DEFINITIONS = (
					"DEBUG=1",
					"$(inherited)",
				);
				GCC_SYMBOLS_PRIVATE_EXTERN = NO;
				GCC_WARN_64_TO_32_BIT_CONVERSION = YES;
				GCC_WARN_ABOUT_RETURN_TYPE = YES_ERROR;
				GCC_WARN_UNDECLARED_SELECTOR = YES;
				GCC_WARN_UNINITIALIZED_AUTOS = YES_AGGRESSIVE;
				GCC_WARN_UNUSED_FUNCTION = YES;
				GCC_WARN_UNUSED_VARIABLE = YES;
				MACOSX_DEPLOYMENT_TARGET = 10.10;
				MTL_ENABLE_DEBUG_INFO = YES;
				ONLY_ACTIVE_ARCH = YES;
				SDKROOT = macosx;
			};
			name = Debug;
		};
		BAFCD6061B60C93700447C79 /* Release */ = {
			isa = XCBuildConfiguration;
			buildSettings = {
				ALWAYS_SEARCH_USER_PATHS = NO;
				CLANG_CXX_LANGUAGE_STANDARD = "gnu++0x";
				CLANG_CXX_LIBRARY = "libc++";
				CLANG_ENABLE_MODULES = YES;
				CLANG_ENABLE_OBJC_ARC = YES;
				CLANG_WARN_BOOL_CONVERSION = YES;
				CLANG_WARN_CONSTANT_CONVERSION = YES;
				CLANG_WARN_DIRECT_OBJC_ISA_USAGE = YES_ERROR;
				CLANG_WARN_EMPTY_BODY = YES;
				CLANG_WARN_ENUM_CONVERSION = YES;
				CLANG_WARN_INT_CONVERSION = YES;
				CLANG_WARN_OBJC_ROOT_CLASS = YES_ERROR;
				CLANG_WARN_UNREACHABLE_CODE = YES;
				CLANG_WARN__DUPLICATE_METHOD_MATCH = YES;
				COPY_PHASE_STRIP = NO;
				DEBUG_INFORMATION_FORMAT = "dwarf-with-dsym";
				ENABLE_NS_ASSERTIONS = NO;
				ENABLE_STRICT_OBJC_MSGSEND = YES;
				GCC_C_LANGUAGE_STANDARD = gnu99;
				GCC_NO_COMMON_BLOCKS = YES;
				GCC_WARN_64_TO_32_BIT_CONVERSION = YES;
				GCC_WARN_ABOUT_RETURN_TYPE = YES_ERROR;
				GCC_WARN_UNDECLARED_SELECTOR = YES;
				GCC_WARN_UNINITIALIZED_AUTOS = YES_AGGRESSIVE;
				GCC_WARN_UNUSED_FUNCTION = YES;
				GCC_WARN_UNUSED_VARIABLE = YES;
				MACOSX_DEPLOYMENT_TARGET = 10.10;
				MTL_ENABLE_DEBUG_INFO = NO;
				SDKROOT = macosx;
			};
			name = Release;
		};
		BAFCD6081B60C93700447C79 /* Debug */ = {
			isa = XCBuildConfiguration;
			buildSettings = {
				PRODUCT_NAME = "$(TARGET_NAME)";
			};
			name = Debug;
		};
		BAFCD6091B60C93700447C79 /* Release */ = {
			isa = XCBuildConfiguration;
			buildSettings = {
				PRODUCT_NAME = "$(TARGET_NAME)";
			};
			name = Release;
		};
/* End XCBuildConfiguration section */

/* Begin XCConfigurationList section */
		BAFCD5FB1B60C93700447C79 /* Build configuration list for PBXProject "Quiz_2.10.3" */ = {
			isa = XCConfigurationList;
			buildConfigurations = (
				BAFCD6051B60C93700447C79 /* Debug */,
				BAFCD6061B60C93700447C79 /* Release */,
			);
			defaultConfigurationIsVisible = 0;
			defaultConfigurationName = Release;
		};
		BAFCD6071B60C93700447C79 /* Build configuration list for PBXNativeTarget "Quiz_2.10.3" */ = {
			isa = XCConfigurationList;
			buildConfigurations = (
				BAFCD6081B60C93700447C79 /* Debug */,
				BAFCD6091B60C93700447C79 /* Release */,
			);
			defaultConfigurationIsVisible = 0;
		};
/* End XCConfigurationList section */
	};
	rootObject = BAFCD5F81B60C93700447C79 /* Project object */;
}
